schema: '2.0'
stages:
  data_ingestion:
    cmd: python src/cnnClassifier/pipeline/stage_01_data_ingestion.py
    deps:
    - path: config/config.yaml
      md5: 1f8bb5f2bd32fe101a5bc0d76ea87dd1
      size: 793
    - path: src/cnnClassifier/pipeline/stage_01_data_ingestion.py
      md5: e001d1d858be8ec0e87a5023b6fc823f
      size: 910
    outs:
    - path: artifacts/data_ingestion/Chicken-fecal-images
      md5: 9e1f8dd2eae3c29e9d635df89d438ae4.dir
      size: 12207807
      nfiles: 390
  prepare_base_model:
    cmd: python src/cnnClassifier/pipeline/stage_02_prepare_base_model.py
    deps:
    - path: config/config.yaml
      md5: 1f8bb5f2bd32fe101a5bc0d76ea87dd1
      size: 793
    - path: src/cnnClassifier/pipeline/stage_02_prepare_base_model.py
      md5: 2d72c78c3cd5bde36098ad26d3b91296
      size: 995
    params:
      params.yaml:
        CLASSES: 2
        IMAGE_SIZE:
        - 224
        - 224
        - 3
        INCLUDE_TOP: false
        LEARNING_RATE: 0.001
        WEIGHTS: imagenet
    outs:
    - path: artifacts/prepare_base_model
      md5: c466f007da1ef60d6d2f78c958d0b59f.dir
      size: 118054560
      nfiles: 2
  training:
    cmd: python src/cnnClassifier/pipeline/stage_03_training.py
    deps:
    - path: artifacts/data_ingestion/Chicken-fecal-images
      md5: 9e1f8dd2eae3c29e9d635df89d438ae4.dir
      size: 12207807
      nfiles: 390
    - path: artifacts/prepare_base_model
      md5: c466f007da1ef60d6d2f78c958d0b59f.dir
      size: 118054560
      nfiles: 2
    - path: config/config.yaml
      md5: 1f8bb5f2bd32fe101a5bc0d76ea87dd1
      size: 793
    - path: src/cnnClassifier/components/prepare_callbacks.py
      md5: 5bfa3c42a8bd5217775571b0c9f6c7ad
      size: 998
    - path: src/cnnClassifier/pipeline/stage_03_training.py
      md5: 755837cd21710e7a8e748eee87703034
      size: 1266
    params:
      params.yaml:
        AUGMENTATION: true
        BATCH_SIZE: 16
        EPOCHS: 1
        IMAGE_SIZE:
        - 224
        - 224
        - 3
    outs:
    - path: artifacts/training/model.h5
      md5: d8c8e5df03399c2f03da77d1bd2444c8
      size: 59337520
  evaluation:
    cmd: python src/cnnClassifier/pipeline/stage_04_evaluation.py
    deps:
    - path: artifacts/data_ingestion/Chicken-fecal-images
      md5: 9e1f8dd2eae3c29e9d635df89d438ae4.dir
      size: 12207807
      nfiles: 390
    - path: artifacts/training/model.h5
      md5: d8c8e5df03399c2f03da77d1bd2444c8
      size: 59337520
    - path: config/config.yaml
      md5: 1f8bb5f2bd32fe101a5bc0d76ea87dd1
      size: 793
    - path: src/cnnClassifier/pipeline/stage_04_evaluation.py
      md5: 5dceb3a9e39ef70cc7430fe3bc41219c
      size: 869
    params:
      params.yaml:
        BATCH_SIZE: 16
        IMAGE_SIZE:
        - 224
        - 224
        - 3
    outs:
    - path: scores.json
      md5: 8aa62163a60fb8db265d4821ce9807c9
      size: 74
